// !$*UTF8*$!
{
	archiveVersion = 1;
	classes = {
	};
	objectVersion = 50;
	objects = {

/* Begin PBXBuildFile section */
		7905CFA525AD77AC00B74522 /* QuestionViewController.swift in Sources */ = {isa = PBXBuildFile; fileRef = 7905CFA425AD77AC00B74522 /* QuestionViewController.swift */; };
		792AB31025AC9A420021A494 /* AppDelegate.swift in Sources */ = {isa = PBXBuildFile; fileRef = 792AB30F25AC9A420021A494 /* AppDelegate.swift */; };
		792AB31225AC9A420021A494 /* SceneDelegate.swift in Sources */ = {isa = PBXBuildFile; fileRef = 792AB31125AC9A420021A494 /* SceneDelegate.swift */; };
		792AB31425AC9A420021A494 /* WelcomeViewController.swift in Sources */ = {isa = PBXBuildFile; fileRef = 792AB31325AC9A420021A494 /* WelcomeViewController.swift */; };
		792AB31725AC9A420021A494 /* Main.storyboard in Resources */ = {isa = PBXBuildFile; fileRef = 792AB31525AC9A420021A494 /* Main.storyboard */; };
		792AB31925AC9A430021A494 /* Assets.xcassets in Resources */ = {isa = PBXBuildFile; fileRef = 792AB31825AC9A430021A494 /* Assets.xcassets */; };
		792AB31C25AC9A430021A494 /* LaunchScreen.storyboard in Resources */ = {isa = PBXBuildFile; fileRef = 792AB31A25AC9A430021A494 /* LaunchScreen.storyboard */; };
/* End PBXBuildFile section */

/* Begin PBXFileReference section */
		7905CFA425AD77AC00B74522 /* QuestionViewController.swift */ = {isa = PBXFileReference; lastKnownFileType = sourcecode.swift; path = QuestionViewController.swift; sourceTree = "<group>"; };
		792AB30C25AC9A420021A494 /* Qiuz2021.app */ = {isa = PBXFileReference; explicitFileType = wrapper.application; includeInIndex = 0; path = Qiuz2021.app; sourceTree = BUILT_PRODUCTS_DIR; };
		792AB30F25AC9A420021A494 /* AppDelegate.swift */ = {isa = PBXFileReference; lastKnownFileType = sourcecode.swift; path = AppDelegate.swift; sourceTree = "<group>"; };
		792AB31125AC9A420021A494 /* SceneDelegate.swift */ = {isa = PBXFileReference; lastKnownFileType = sourcecode.swift; path = SceneDelegate.swift; sourceTree = "<group>"; };
		792AB31325AC9A420021A494 /* WelcomeViewController.swift */ = {isa = PBXFileReference; lastKnownFileType = sourcecode.swift; path = WelcomeViewController.swift; sourceTree = "<group>"; };
		792AB31625AC9A420021A494 /* Base */ = {isa = PBXFileReference; lastKnownFileType = file.storyboard; name = Base; path = Base.lproj/Main.storyboard; sourceTree = "<group>"; };
		792AB31825AC9A430021A494 /* Assets.xcassets */ = {isa = PBXFileReference; lastKnownFileType = folder.assetcatalog; path = Assets.xcassets; sourceTree = "<group>"; };
		792AB31B25AC9A430021A494 /* Base */ = {isa = PBXFileReference; lastKnownFileType = file.storyboard; name = Base; path = Base.lproj/LaunchScreen.storyboard; sourceTree = "<group>"; };
		792AB31D25AC9A430021A494 /* Info.plist */ = {isa = PBXFileReference; lastKnownFileType = text.plist.xml; path = Info.plist; sourceTree = "<group>"; };
/* End PBXFileReference section */

/* Begin PBXFrameworksBuildPhase section */
		792AB30925AC9A420021A494 /* Frameworks */ = {
			isa = PBXFrameworksBuildPhase;
			buildActionMask = 2147483647;
			files = (
			);
			runOnlyForDeploymentPostprocessing = 0;
		};
/* End PBXFrameworksBuildPhase section */

/* Begin PBXGroup section */
		7905CFA725AD77CC00B74522 /* View controllers */ = {
			isa = PBXGroup;
			children = (
				792AB31325AC9A420021A494 /* WelcomeViewController.swift */,
				7905CFA425AD77AC00B74522 /* QuestionViewController.swift */,
			);
			path = "View controllers";
			sourceTree = "<group>";
		};
		792AB30325AC9A420021A494 = {
			isa = PBXGroup;
			children = (
				792AB30E25AC9A420021A494 /* Qiuz2021 */,
				792AB30D25AC9A420021A494 /* Products */,
			);
			sourceTree = "<group>";
		};
		792AB30D25AC9A420021A494 /* Products */ = {
			isa = PBXGroup;
			children = (
				792AB30C25AC9A420021A494 /* Qiuz2021.app */,
			);
			name = Products;
			sourceTree = "<group>";
		};
		792AB30E25AC9A420021A494 /* Qiuz2021 */ = {
			isa = PBXGroup;
			children = (
				792AB30F25AC9A420021A494 /* AppDelegate.swift */,
				792AB31825AC9A430021A494 /* Assets.xcassets */,
				792AB31D25AC9A430021A494 /* Info.plist */,
				792AB31A25AC9A430021A494 /* LaunchScreen.storyboard */,
				792AB31525AC9A420021A494 /* Main.storyboard */,
				792AB31125AC9A420021A494 /* SceneDelegate.swift */,
				7905CFA725AD77CC00B74522 /* View controllers */,
			);
			path = Qiuz2021;
			sourceTree = "<group>";
		};
/* End PBXGroup section */

/* Begin PBXNativeTarget section */
		792AB30B25AC9A420021A494 /* Qiuz2021 */ = {
			isa = PBXNativeTarget;
			buildConfigurationList = 792AB32025AC9A430021A494 /* Build configuration list for PBXNativeTarget "Qiuz2021" */;
			buildPhases = (
				792AB30825AC9A420021A494 /* Sources */,
				792AB30925AC9A420021A494 /* Frameworks */,
				792AB30A25AC9A420021A494 /* Resources */,
			);
			buildRules = (
			);
			dependencies = (
			);
			name = Qiuz2021;
			productName = Qiuz2021;
			productReference = 792AB30C25AC9A420021A494 /* Qiuz2021.app */;
			productType = "com.apple.product-type.application";
		};
/* End PBXNativeTarget section */

/* Begin PBXProject section */
		792AB30425AC9A420021A494 /* Project object */ = {
			isa = PBXProject;
			attributes = {
				LastSwiftUpdateCheck = 1220;
				LastUpgradeCheck = 1220;
				TargetAttributes = {
					792AB30B25AC9A420021A494 = {
						CreatedOnToolsVersion = 12.2;
					};
				};
			};
			buildConfigurationList = 792AB30725AC9A420021A494 /* Build configuration list for PBXProject "Qiuz2021" */;
			compatibilityVersion = "Xcode 9.3";
			developmentRegion = en;
			hasScannedForEncodings = 0;
			knownRegions = (
				en,
				Base,
			);
			mainGroup = 792AB30325AC9A420021A494;
			productRefGroup = 792AB30D25AC9A420021A494 /* Products */;
			projectDirPath = "";
			projectRoot = "";
			targets = (
				792AB30B25AC9A420021A494 /* Qiuz2021 */,
			);
		};
/* End PBXProject section */

/* Begin PBXResourcesBuildPhase section */
		792AB30A25AC9A420021A494 /* Resources */ = {
			isa = PBXResourcesBuildPhase;
			buildActionMask = 2147483647;
			files = (
				792AB31C25AC9A430021A494 /* LaunchScreen.storyboard in Resources */,
				792AB31925AC9A430021A494 /* Assets.xcassets in Resources */,
				792AB31725AC9A420021A494 /* Main.storyboard in Resources */,
			);
			runOnlyForDeploymentPostprocessing = 0;
		};
/* End PBXResourcesBuildPhase section */

/* Begin PBXSourcesBuildPhase section */
		792AB30825AC9A420021A494 /* Sources */ = {
			isa = PBXSourcesBuildPhase;
			buildActionMask = 2147483647;
			files = (
				792AB31425AC9A420021A494 /* WelcomeViewController.swift in Sources */,
				792AB31025AC9A420021A494 /* AppDelegate.swift in Sources */,
				7905CFA525AD77AC00B74522 /* QuestionViewController.swift in Sources */,
				792AB31225AC9A420021A494 /* SceneDelegate.swift in Sources */,
			);
			runOnlyForDeploymentPostprocessing = 0;
		};
/* End PBXSourcesBuildPhase section */

/* Begin PBXVariantGroup section */
		792AB31525AC9A420021A494 /* Main.storyboard */ = {
			isa = PBXVariantGroup;
			children = (
				792AB31625AC9A420021A494 /* Base */,
			);
			name = Main.storyboard;
			sourceTree = "<group>";
		};
		792AB31A25AC9A430021A494 /* LaunchScreen.storyboard */ = {
			isa = PBXVariantGroup;
			children = (
				792AB31B25AC9A430021A494 /* Base */,
			);
			name = LaunchScreen.storyboard;
			sourceTree = "<group>";
		};
/* End PBXVariantGroup section */

/* Begin XCBuildConfiguration section */
		792AB31E25AC9A430021A494 /* Debug */ = {
			isa = XCBuildConfiguration;
			buildSettings = {
				ALWAYS_SEARCH_USER_PATHS = NO;
				CLANG_ANALYZER_NONNULL = YES;
				CLANG_ANALYZER_NUMBER_OBJECT_CONVERSION = YES_AGGRESSIVE;
				CLANG_CXX_LANGUAGE_STANDARD = "gnu++14";
				CLANG_CXX_LIBRARY = "libc++";
				CLANG_ENABLE_MODULES = YES;
				CLANG_ENABLE_OBJC_ARC = YES;
				CLANG_ENABLE_OBJC_WEAK = YES;
				CLANG_WARN_BLOCK_CAPTURE_AUTORELEASING = YES;
				CLANG_WARN_BOOL_CONVERSION = YES;
				CLANG_WARN_COMMA = YES;
				CLANG_WARN_CONSTANT_CONVERSION = YES;
				CLANG_WARN_DEPRECATED_OBJC_IMPLEMENTATIONS = YES;
				CLANG_WARN_DIRECT_OBJC_ISA_USAGE = YES_ERROR;
				CLANG_WARN_DOCUMENTATION_COMMENTS = YES;
				CLANG_WARN_EMPTY_BODY = YES;
				CLANG_WARN_ENUM_CONVERSION = YES;
				CLANG_WARN_INFINITE_RECURSION = YES;
				CLANG_WARN_INT_CONVERSION = YES;
				CLANG_WARN_NON_LITERAL_NULL_CONVERSION = YES;
				CLANG_WARN_OBJC_IMPLICIT_RETAIN_SELF = YES;
				CLANG_WARN_OBJC_LITERAL_CONVERSION = YES;
				CLANG_WARN_OBJC_ROOT_CLASS = YES_ERROR;
				CLANG_WARN_QUOTED_INCLUDE_IN_FRAMEWORK_HEADER = YES;
				CLANG_WARN_RANGE_LOOP_ANALYSIS = YES;
				CLANG_WARN_STRICT_PROTOTYPES = YES;
				CLANG_WARN_SUSPICIOUS_MOVE = YES;
				CLANG_WARN_UNGUARDED_AVAILABILITY = YES_AGGRESSIVE;
				CLANG_WARN_UNREACHABLE_CODE = YES;
				CLANG_WARN__DUPLICATE_METHOD_MATCH = YES;
				COPY_PHASE_STRIP = NO;
				DEBUG_INFORMATION_FORMAT = dwarf;
				ENABLE_STRICT_OBJC_MSGSEND = YES;
				ENABLE_TESTABILITY = YES;
				GCC_C_LANGUAGE_STANDARD = gnu11;
				GCC_DYNAMIC_NO_PIC = NO;
				GCC_NO_COMMON_BLOCKS = YES;
				GCC_OPTIMIZATION_LEVEL = 0;
				GCC_PREPROCESSOR_DEFINITIONS = (
					"DEBUG=1",
					"$(inherited)",
				);
				GCC_WARN_64_TO_32_BIT_CONVERSION = YES;
				GCC_WARN_ABOUT_RETURN_TYPE = YES_ERROR;
				GCC_WARN_UNDECLARED_SELECTOR = YES;
				GCC_WARN_UNINITIALIZED_AUTOS = YES_AGGRESSIVE;
				GCC_WARN_UNUSED_FUNCTION = YES;
				GCC_WARN_UNUSED_VARIABLE = YES;
				IPHONEOS_DEPLOYMENT_TARGET = 14.2;
				MTL_ENABLE_DEBUG_INFO = INCLUDE_SOURCE;
				MTL_FAST_MATH = YES;
				ONLY_ACTIVE_ARCH = YES;
				SDKROOT = iphoneos;
				SWIFT_ACTIVE_COMPILATION_CONDITIONS = DEBUG;
				SWIFT_OPTIMIZATION_LEVEL = "-Onone";
			};
			name = Debug;
		};
		792AB31F25AC9A430021A494 /* Release */ = {
			isa = XCBuildConfiguration;
			buildSettings = {
				ALWAYS_SEARCH_USER_PATHS = NO;
				CLANG_ANALYZER_NONNULL = YES;
				CLANG_ANALYZER_NUMBER_OBJECT_CONVERSION = YES_AGGRESSIVE;
				CLANG_CXX_LANGUAGE_STANDARD = "gnu++14";
				CLANG_CXX_LIBRARY = "libc++";
				CLANG_ENABLE_MODULES = YES;
				CLANG_ENABLE_OBJC_ARC = YES;
				CLANG_ENABLE_OBJC_WEAK = YES;
				CLANG_WARN_BLOCK_CAPTURE_AUTORELEASING = YES;
				CLANG_WARN_BOOL_CONVERSION = YES;
				CLANG_WARN_COMMA = YES;
				CLANG_WARN_CONSTANT_CONVERSION = YES;
				CLANG_WARN_DEPRECATED_OBJC_IMPLEMENTATIONS = YES;
				CLANG_WARN_DIRECT_OBJC_ISA_USAGE = YES_ERROR;
				CLANG_WARN_DOCUMENTATION_COMMENTS = YES;
				CLANG_WARN_EMPTY_BODY = YES;
				CLANG_WARN_ENUM_CONVERSION = YES;
				CLANG_WARN_INFINITE_RECURSION = YES;
				CLANG_WARN_INT_CONVERSION = YES;
				CLANG_WARN_NON_LITERAL_NULL_CONVERSION = YES;
				CLANG_WARN_OBJC_IMPLICIT_RETAIN_SELF = YES;
				CLANG_WARN_OBJC_LITERAL_CONVERSION = YES;
				CLANG_WARN_OBJC_ROOT_CLASS = YES_ERROR;
				CLANG_WARN_QUOTED_INCLUDE_IN_FRAMEWORK_HEADER = YES;
				CLANG_WARN_RANGE_LOOP_ANALYSIS = YES;
				CLANG_WARN_STRICT_PROTOTYPES = YES;
				CLANG_WARN_SUSPICIOUS_MOVE = YES;
				CLANG_WARN_UNGUARDED_AVAILABILITY = YES_AGGRESSIVE;
				CLANG_WARN_UNREACHABLE_CODE = YES;
				CLANG_WARN__DUPLICATE_METHOD_MATCH = YES;
				COPY_PHASE_STRIP = NO;
				DEBUG_INFORMATION_FORMAT = "dwarf-with-dsym";
				ENABLE_NS_ASSERTIONS = NO;
				ENABLE_STRICT_OBJC_MSGSEND = YES;
				GCC_C_LANGUAGE_STANDARD = gnu11;
				GCC_NO_COMMON_BLOCKS = YES;
				GCC_WARN_64_TO_32_BIT_CONVERSION = YES;
				GCC_WARN_ABOUT_RETURN_TYPE = YES_ERROR;
				GCC_WARN_UNDECLARED_SELECTOR = YES;
				GCC_WARN_UNINITIALIZED_AUTOS = YES_AGGRESSIVE;
				GCC_WARN_UNUSED_FUNCTION = YES;
				GCC_WARN_UNUSED_VARIABLE = YES;
				IPHONEOS_DEPLOYMENT_TARGET = 14.2;
				MTL_ENABLE_DEBUG_INFO = NO;
				MTL_FAST_MATH = YES;
				SDKROOT = iphoneos;
				SWIFT_COMPILATION_MODE = wholemodule;
				SWIFT_OPTIMIZATION_LEVEL = "-O";
				VALIDATE_PRODUCT = YES;
			};
			name = Release;
		};
		792AB32125AC9A430021A494 /* Debug */ = {
			isa = XCBuildConfiguration;
			buildSettings = {
				ASSETCATALOG_COMPILER_APPICON_NAME = AppIcon;
				ASSETCATALOG_COMPILER_GLOBAL_ACCENT_COLOR_NAME = AccentColor;
				CODE_SIGN_STYLE = Automatic;
				DEVELOPMENT_TEAM = Y7S88TC37S;
				INFOPLIST_FILE = Qiuz2021/Info.plist;
				LD_RUNPATH_SEARCH_PATHS = (
					"$(inherited)",
					"@executable_path/Frameworks",
				);
				PRODUCT_BUNDLE_IDENTIFIER = app.sborovcov.Qiuz2021;
				PRODUCT_NAME = "$(TARGET_NAME)";
				SWIFT_VERSION = 5.0;
				TARGETED_DEVICE_FAMILY = "1,2";
			};
			name = Debug;
		};
		792AB32225AC9A430021A494 /* Release */ = {
			isa = XCBuildConfiguration;
			buildSettings = {
				ASSETCATALOG_COMPILER_APPICON_NAME = AppIcon;
				ASSETCATALOG_COMPILER_GLOBAL_ACCENT_COLOR_NAME = AccentColor;
				CODE_SIGN_STYLE = Automatic;
				DEVELOPMENT_TEAM = Y7S88TC37S;
				INFOPLIST_FILE = Qiuz2021/Info.plist;
				LD_RUNPATH_SEARCH_PATHS = (
					"$(inherited)",
					"@executable_path/Frameworks",
				);
				PRODUCT_BUNDLE_IDENTIFIER = app.sborovcov.Qiuz2021;
				PRODUCT_NAME = "$(TARGET_NAME)";
				SWIFT_VERSION = 5.0;
				TARGETED_DEVICE_FAMILY = "1,2";
			};
			name = Release;
		};
/* End XCBuildConfiguration section */

/* Begin XCConfigurationList section */
		792AB30725AC9A420021A494 /* Build configuration list for PBXProject "Qiuz2021" */ = {
			isa = XCConfigurationList;
			buildConfigurations = (
				792AB31E25AC9A430021A494 /* Debug */,
				792AB31F25AC9A430021A494 /* Release */,
			);
			defaultConfigurationIsVisible = 0;
			defaultConfigurationName = Release;
		};
		792AB32025AC9A430021A494 /* Build configuration list for PBXNativeTarget "Qiuz2021" */ = {
			isa = XCConfigurationList;
			buildConfigurations = (
				792AB32125AC9A430021A494 /* Debug */,
				792AB32225AC9A430021A494 /* Release */,
			);
			defaultConfigurationIsVisible = 0;
			defaultConfigurationName = Release;
		};
/* End XCConfigurationList section */
	};
	rootObject = 792AB30425AC9A420021A494 /* Project object */;
}
